// !$*UTF8*$!
{
	archiveVersion = 1;
	classes = {
	};
	objectVersion = 46;
	objects = {

/* Begin PBXBuildFile section */
		A3054CC81B933D1300BDA52F /* Images.xcassets in Resources */ = {isa = PBXBuildFile; fileRef = A3054CC71B933D1300BDA52F /* Images.xcassets */; };
		A30E23FB1B9403E100B940E7 /* 2_pan.mp3 in Resources */ = {isa = PBXBuildFile; fileRef = A30E23F31B9403E100B940E7 /* 2_pan.mp3 */; };
		A30E23FC1B9403E100B940E7 /* 3_pan.mp3 in Resources */ = {isa = PBXBuildFile; fileRef = A30E23F41B9403E100B940E7 /* 3_pan.mp3 */; };
		A30E23FD1B9403E100B940E7 /* 4_pan.mp3 in Resources */ = {isa = PBXBuildFile; fileRef = A30E23F51B9403E100B940E7 /* 4_pan.mp3 */; };
		A30E23FE1B9403E100B940E7 /* click.wav in Resources */ = {isa = PBXBuildFile; fileRef = A30E23F61B9403E100B940E7 /* click.wav */; };
		A30E23FF1B9403E100B940E7 /* font_1.ttf in Resources */ = {isa = PBXBuildFile; fileRef = A30E23F71B9403E100B940E7 /* font_1.ttf */; };
		A30E240C1B94054C00B940E7 /* LoadingView.m in Sources */ = {isa = PBXBuildFile; fileRef = A30E24091B94054C00B940E7 /* LoadingView.m */; };
		A30E240D1B94054C00B940E7 /* RYFNetworkHttpRequestsManges.m in Sources */ = {isa = PBXBuildFile; fileRef = A30E240B1B94054C00B940E7 /* RYFNetworkHttpRequestsManges.m */; };
		A30E24141B941C3900B940E7 /* StartImageManger.m in Sources */ = {isa = PBXBuildFile; fileRef = A30E24131B941C3900B940E7 /* StartImageManger.m */; };
		A30E24191B9420B400B940E7 /* NSURL+Comment.m in Sources */ = {isa = PBXBuildFile; fileRef = A30E24181B9420B400B940E7 /* NSURL+Comment.m */; };
		A30E241C1B942FD700B940E7 /* NSObject+Comment.m in Sources */ = {isa = PBXBuildFile; fileRef = A30E241B1B942FD700B940E7 /* NSObject+Comment.m */; };
		A30E241F1B94357E00B940E7 /* NSString+RYF.m in Sources */ = {isa = PBXBuildFile; fileRef = A30E241E1B94357E00B940E7 /* NSString+RYF.m */; };
		A30E24221B94358600B940E7 /* UIView+RYF.m in Sources */ = {isa = PBXBuildFile; fileRef = A30E24211B94358600B940E7 /* UIView+RYF.m */; };
		A3872D011B93364F0092D537 /* main.m in Sources */ = {isa = PBXBuildFile; fileRef = A3872D001B93364F0092D537 /* main.m */; };
		A3872D041B93364F0092D537 /* AppDelegate.m in Sources */ = {isa = PBXBuildFile; fileRef = A3872D031B93364F0092D537 /* AppDelegate.m */; };
		A3872D071B93364F0092D537 /* ViewController.m in Sources */ = {isa = PBXBuildFile; fileRef = A3872D061B93364F0092D537 /* ViewController.m */; };
		A3872D0A1B93364F0092D537 /* Main.storyboard in Resources */ = {isa = PBXBuildFile; fileRef = A3872D081B93364F0092D537 /* Main.storyboard */; };
		A3872D1B1B9336500092D537 /* _800Tests.m in Sources */ = {isa = PBXBuildFile; fileRef = A3872D1A1B9336500092D537 /* _800Tests.m */; };
		A39906CB1B943F58004C8642 /* EaseStartView.m in Sources */ = {isa = PBXBuildFile; fileRef = A39906CA1B943F58004C8642 /* EaseStartView.m */; };
		A39906DC1B944BC3004C8642 /* BaseNavgationController.m in Sources */ = {isa = PBXBuildFile; fileRef = A39906D91B944BC3004C8642 /* BaseNavgationController.m */; };
		A39906DD1B944BC3004C8642 /* RootTabViewController.m in Sources */ = {isa = PBXBuildFile; fileRef = A39906DB1B944BC3004C8642 /* RootTabViewController.m */; };
		A39906E31B944D3C004C8642 /* RootViewController.m in Sources */ = {isa = PBXBuildFile; fileRef = A39906E21B944D3C004C8642 /* RootViewController.m */; };
		A39906E71B944DE8004C8642 /* ClassViewController.m in Sources */ = {isa = PBXBuildFile; fileRef = A39906E61B944DE8004C8642 /* ClassViewController.m */; };
		A39906EB1B944E2D004C8642 /* BrandGroupViewController.m in Sources */ = {isa = PBXBuildFile; fileRef = A39906EA1B944E2D004C8642 /* BrandGroupViewController.m */; };
		A39906EF1B944E5D004C8642 /* IntegralMallViewController.m in Sources */ = {isa = PBXBuildFile; fileRef = A39906EE1B944E5D004C8642 /* IntegralMallViewController.m */; };
		A39906F31B944E91004C8642 /* PersonalCenterViewController.m in Sources */ = {isa = PBXBuildFile; fileRef = A39906F21B944E91004C8642 /* PersonalCenterViewController.m */; };
		F876CBEFAAF6EA8B017B2F32 /* libPods.a in Frameworks */ = {isa = PBXBuildFile; fileRef = F1C130680596E1C1A05A922E /* libPods.a */; };
/* End PBXBuildFile section */

/* Begin PBXContainerItemProxy section */
		A3872D151B9336500092D537 /* PBXContainerItemProxy */ = {
			isa = PBXContainerItemProxy;
			containerPortal = A3872CF31B93364F0092D537 /* Project object */;
			proxyType = 1;
			remoteGlobalIDString = A3872CFA1B93364F0092D537;
			remoteInfo = "折800";
		};
/* End PBXContainerItemProxy section */

/* Begin PBXFileReference section */
		A3054CC71B933D1300BDA52F /* Images.xcassets */ = {isa = PBXFileReference; lastKnownFileType = folder.assetcatalog; path = Images.xcassets; sourceTree = "<group>"; };
		A3054CC91B9346EE00BDA52F /* PrefixHeader.pch */ = {isa = PBXFileReference; fileEncoding = 4; lastKnownFileType = sourcecode.c.h; path = PrefixHeader.pch; sourceTree = "<group>"; };
		A30E23F31B9403E100B940E7 /* 2_pan.mp3 */ = {isa = PBXFileReference; lastKnownFileType = audio.mp3; path = 2_pan.mp3; sourceTree = "<group>"; };
		A30E23F41B9403E100B940E7 /* 3_pan.mp3 */ = {isa = PBXFileReference; lastKnownFileType = audio.mp3; path = 3_pan.mp3; sourceTree = "<group>"; };
		A30E23F51B9403E100B940E7 /* 4_pan.mp3 */ = {isa = PBXFileReference; lastKnownFileType = audio.mp3; path = 4_pan.mp3; sourceTree = "<group>"; };
		A30E23F61B9403E100B940E7 /* click.wav */ = {isa = PBXFileReference; lastKnownFileType = audio.wav; path = click.wav; sourceTree = "<group>"; };
		A30E23F71B9403E100B940E7 /* font_1.ttf */ = {isa = PBXFileReference; lastKnownFileType = file; path = font_1.ttf; sourceTree = "<group>"; };
		A30E24081B94054C00B940E7 /* LoadingView.h */ = {isa = PBXFileReference; fileEncoding = 4; lastKnownFileType = sourcecode.c.h; path = LoadingView.h; sourceTree = "<group>"; };
		A30E24091B94054C00B940E7 /* LoadingView.m */ = {isa = PBXFileReference; fileEncoding = 4; lastKnownFileType = sourcecode.c.objc; path = LoadingView.m; sourceTree = "<group>"; };
		A30E240A1B94054C00B940E7 /* RYFNetworkHttpRequestsManges.h */ = {isa = PBXFileReference; fileEncoding = 4; lastKnownFileType = sourcecode.c.h; path = RYFNetworkHttpRequestsManges.h; sourceTree = "<group>"; };
		A30E240B1B94054C00B940E7 /* RYFNetworkHttpRequestsManges.m */ = {isa = PBXFileReference; fileEncoding = 4; lastKnownFileType = sourcecode.c.objc; path = RYFNetworkHttpRequestsManges.m; sourceTree = "<group>"; };
		A30E24121B941C3900B940E7 /* StartImageManger.h */ = {isa = PBXFileReference; fileEncoding = 4; lastKnownFileType = sourcecode.c.h; path = StartImageManger.h; sourceTree = "<group>"; };
		A30E24131B941C3900B940E7 /* StartImageManger.m */ = {isa = PBXFileReference; fileEncoding = 4; lastKnownFileType = sourcecode.c.objc; path = StartImageManger.m; sourceTree = "<group>"; };
		A30E24171B9420B400B940E7 /* NSURL+Comment.h */ = {isa = PBXFileReference; fileEncoding = 4; lastKnownFileType = sourcecode.c.h; path = "NSURL+Comment.h"; sourceTree = "<group>"; };
		A30E24181B9420B400B940E7 /* NSURL+Comment.m */ = {isa = PBXFileReference; fileEncoding = 4; lastKnownFileType = sourcecode.c.objc; path = "NSURL+Comment.m"; sourceTree = "<group>"; };
		A30E241A1B942FD700B940E7 /* NSObject+Comment.h */ = {isa = PBXFileReference; fileEncoding = 4; lastKnownFileType = sourcecode.c.h; path = "NSObject+Comment.h"; sourceTree = "<group>"; };
		A30E241B1B942FD700B940E7 /* NSObject+Comment.m */ = {isa = PBXFileReference; fileEncoding = 4; lastKnownFileType = sourcecode.c.objc; path = "NSObject+Comment.m"; sourceTree = "<group>"; };
		A30E241D1B94357E00B940E7 /* NSString+RYF.h */ = {isa = PBXFileReference; fileEncoding = 4; lastKnownFileType = sourcecode.c.h; path = "NSString+RYF.h"; sourceTree = "<group>"; };
		A30E241E1B94357E00B940E7 /* NSString+RYF.m */ = {isa = PBXFileReference; fileEncoding = 4; lastKnownFileType = sourcecode.c.objc; path = "NSString+RYF.m"; sourceTree = "<group>"; };
		A30E24201B94358600B940E7 /* UIView+RYF.h */ = {isa = PBXFileReference; fileEncoding = 4; lastKnownFileType = sourcecode.c.h; path = "UIView+RYF.h"; sourceTree = "<group>"; };
		A30E24211B94358600B940E7 /* UIView+RYF.m */ = {isa = PBXFileReference; fileEncoding = 4; lastKnownFileType = sourcecode.c.objc; path = "UIView+RYF.m"; sourceTree = "<group>"; };
		A3872CFB1B93364F0092D537 /* 折800.app */ = {isa = PBXFileReference; explicitFileType = wrapper.application; includeInIndex = 0; path = "折800.app"; sourceTree = BUILT_PRODUCTS_DIR; };
		A3872CFF1B93364F0092D537 /* Info.plist */ = {isa = PBXFileReference; lastKnownFileType = text.plist.xml; path = Info.plist; sourceTree = "<group>"; };
		A3872D001B93364F0092D537 /* main.m */ = {isa = PBXFileReference; lastKnownFileType = sourcecode.c.objc; path = main.m; sourceTree = "<group>"; };
		A3872D021B93364F0092D537 /* AppDelegate.h */ = {isa = PBXFileReference; lastKnownFileType = sourcecode.c.h; path = AppDelegate.h; sourceTree = "<group>"; };
		A3872D031B93364F0092D537 /* AppDelegate.m */ = {isa = PBXFileReference; lastKnownFileType = sourcecode.c.objc; path = AppDelegate.m; sourceTree = "<group>"; };
		A3872D051B93364F0092D537 /* ViewController.h */ = {isa = PBXFileReference; lastKnownFileType = sourcecode.c.h; path = ViewController.h; sourceTree = "<group>"; };
		A3872D061B93364F0092D537 /* ViewController.m */ = {isa = PBXFileReference; lastKnownFileType = sourcecode.c.objc; path = ViewController.m; sourceTree = "<group>"; };
		A3872D091B93364F0092D537 /* Base */ = {isa = PBXFileReference; lastKnownFileType = file.storyboard; name = Base; path = Base.lproj/Main.storyboard; sourceTree = "<group>"; };
		A3872D141B9336500092D537 /* 折800Tests.xctest */ = {isa = PBXFileReference; explicitFileType = wrapper.cfbundle; includeInIndex = 0; path = "折800Tests.xctest"; sourceTree = BUILT_PRODUCTS_DIR; };
		A3872D191B9336500092D537 /* Info.plist */ = {isa = PBXFileReference; lastKnownFileType = text.plist.xml; path = Info.plist; sourceTree = "<group>"; };
		A3872D1A1B9336500092D537 /* _800Tests.m */ = {isa = PBXFileReference; lastKnownFileType = sourcecode.c.objc; path = _800Tests.m; sourceTree = "<group>"; };
		A39906C91B943F58004C8642 /* EaseStartView.h */ = {isa = PBXFileReference; fileEncoding = 4; lastKnownFileType = sourcecode.c.h; path = EaseStartView.h; sourceTree = "<group>"; };
		A39906CA1B943F58004C8642 /* EaseStartView.m */ = {isa = PBXFileReference; fileEncoding = 4; lastKnownFileType = sourcecode.c.objc; path = EaseStartView.m; sourceTree = "<group>"; };
		A39906D81B944BC3004C8642 /* BaseNavgationController.h */ = {isa = PBXFileReference; fileEncoding = 4; lastKnownFileType = sourcecode.c.h; path = BaseNavgationController.h; sourceTree = "<group>"; };
		A39906D91B944BC3004C8642 /* BaseNavgationController.m */ = {isa = PBXFileReference; fileEncoding = 4; lastKnownFileType = sourcecode.c.objc; path = BaseNavgationController.m; sourceTree = "<group>"; };
		A39906DA1B944BC3004C8642 /* RootTabViewController.h */ = {isa = PBXFileReference; fileEncoding = 4; lastKnownFileType = sourcecode.c.h; path = RootTabViewController.h; sourceTree = "<group>"; };
		A39906DB1B944BC3004C8642 /* RootTabViewController.m */ = {isa = PBXFileReference; fileEncoding = 4; lastKnownFileType = sourcecode.c.objc; path = RootTabViewController.m; sourceTree = "<group>"; };
		A39906E11B944D3C004C8642 /* RootViewController.h */ = {isa = PBXFileReference; fileEncoding = 4; lastKnownFileType = sourcecode.c.h; path = RootViewController.h; sourceTree = "<group>"; };
		A39906E21B944D3C004C8642 /* RootViewController.m */ = {isa = PBXFileReference; fileEncoding = 4; lastKnownFileType = sourcecode.c.objc; path = RootViewController.m; sourceTree = "<group>"; };
		A39906E51B944DE8004C8642 /* ClassViewController.h */ = {isa = PBXFileReference; fileEncoding = 4; lastKnownFileType = sourcecode.c.h; path = ClassViewController.h; sourceTree = "<group>"; };
		A39906E61B944DE8004C8642 /* ClassViewController.m */ = {isa = PBXFileReference; fileEncoding = 4; lastKnownFileType = sourcecode.c.objc; path = ClassViewController.m; sourceTree = "<group>"; };
		A39906E91B944E2D004C8642 /* BrandGroupViewController.h */ = {isa = PBXFileReference; fileEncoding = 4; lastKnownFileType = sourcecode.c.h; path = BrandGroupViewController.h; sourceTree = "<group>"; };
		A39906EA1B944E2D004C8642 /* BrandGroupViewController.m */ = {isa = PBXFileReference; fileEncoding = 4; lastKnownFileType = sourcecode.c.objc; path = BrandGroupViewController.m; sourceTree = "<group>"; };
		A39906ED1B944E5D004C8642 /* IntegralMallViewController.h */ = {isa = PBXFileReference; fileEncoding = 4; lastKnownFileType = sourcecode.c.h; path = IntegralMallViewController.h; sourceTree = "<group>"; };
		A39906EE1B944E5D004C8642 /* IntegralMallViewController.m */ = {isa = PBXFileReference; fileEncoding = 4; lastKnownFileType = sourcecode.c.objc; path = IntegralMallViewController.m; sourceTree = "<group>"; };
		A39906F11B944E91004C8642 /* PersonalCenterViewController.h */ = {isa = PBXFileReference; fileEncoding = 4; lastKnownFileType = sourcecode.c.h; path = PersonalCenterViewController.h; sourceTree = "<group>"; };
		A39906F21B944E91004C8642 /* PersonalCenterViewController.m */ = {isa = PBXFileReference; fileEncoding = 4; lastKnownFileType = sourcecode.c.objc; path = PersonalCenterViewController.m; sourceTree = "<group>"; };
		EC13AA19DAB7F1864E61AAD2 /* Pods.debug.xcconfig */ = {isa = PBXFileReference; includeInIndex = 1; lastKnownFileType = text.xcconfig; name = Pods.debug.xcconfig; path = "Pods/Target Support Files/Pods/Pods.debug.xcconfig"; sourceTree = "<group>"; };
		F1C130680596E1C1A05A922E /* libPods.a */ = {isa = PBXFileReference; explicitFileType = archive.ar; includeInIndex = 0; path = libPods.a; sourceTree = BUILT_PRODUCTS_DIR; };
		FA9CC1AFB1449951ED4DC9FA /* Pods.release.xcconfig */ = {isa = PBXFileReference; includeInIndex = 1; lastKnownFileType = text.xcconfig; name = Pods.release.xcconfig; path = "Pods/Target Support Files/Pods/Pods.release.xcconfig"; sourceTree = "<group>"; };
/* End PBXFileReference section */

/* Begin PBXFrameworksBuildPhase section */
		A3872CF81B93364F0092D537 /* Frameworks */ = {
			isa = PBXFrameworksBuildPhase;
			buildActionMask = 2147483647;
			files = (
				F876CBEFAAF6EA8B017B2F32 /* libPods.a in Frameworks */,
			);
			runOnlyForDeploymentPostprocessing = 0;
		};
		A3872D111B9336500092D537 /* Frameworks */ = {
			isa = PBXFrameworksBuildPhase;
			buildActionMask = 2147483647;
			files = (
			);
			runOnlyForDeploymentPostprocessing = 0;
		};
/* End PBXFrameworksBuildPhase section */

/* Begin PBXGroup section */
		16F070EA8116A0B29C237CE8 /* Frameworks */ = {
			isa = PBXGroup;
			children = (
				F1C130680596E1C1A05A922E /* libPods.a */,
			);
			name = Frameworks;
			sourceTree = "<group>";
		};
		35D59448C0B5415998371F84 /* Pods */ = {
			isa = PBXGroup;
			children = (
				EC13AA19DAB7F1864E61AAD2 /* Pods.debug.xcconfig */,
				FA9CC1AFB1449951ED4DC9FA /* Pods.release.xcconfig */,
			);
			name = Pods;
			sourceTree = "<group>";
		};
		A30E23EF1B9403E100B940E7 /* General */ = {
			isa = PBXGroup;
			children = (
				A30E240E1B9419F300B940E7 /* View */,
			);
			path = General;
			sourceTree = "<group>";
		};
		A30E23F01B9403E100B940E7 /* Helpers */ = {
			isa = PBXGroup;
			children = (
			);
			path = Helpers;
			sourceTree = "<group>";
		};
		A30E23F11B9403E100B940E7 /* Model */ = {
			isa = PBXGroup;
			children = (
				A30E24121B941C3900B940E7 /* StartImageManger.h */,
				A30E24131B941C3900B940E7 /* StartImageManger.m */,
			);
			path = Model;
			sourceTree = "<group>";
		};
		A30E23F21B9403E100B940E7 /* Resources */ = {
			isa = PBXGroup;
			children = (
				A30E23F31B9403E100B940E7 /* 2_pan.mp3 */,
				A30E23F41B9403E100B940E7 /* 3_pan.mp3 */,
				A30E23F51B9403E100B940E7 /* 4_pan.mp3 */,
				A30E23F61B9403E100B940E7 /* click.wav */,
				A30E23F71B9403E100B940E7 /* font_1.ttf */,
			);
			path = Resources;
			sourceTree = "<group>";
		};
		A30E23FA1B9403E100B940E7 /* Vendors */ = {
			isa = PBXGroup;
			children = (
				A30E24071B94054C00B940E7 /* RYFNetworkHttpRequestsManges */,
			);
			path = Vendors;
			sourceTree = "<group>";
		};
		A30E24071B94054C00B940E7 /* RYFNetworkHttpRequestsManges */ = {
			isa = PBXGroup;
			children = (
				A30E24081B94054C00B940E7 /* LoadingView.h */,
				A30E24091B94054C00B940E7 /* LoadingView.m */,
				A30E240A1B94054C00B940E7 /* RYFNetworkHttpRequestsManges.h */,
				A30E240B1B94054C00B940E7 /* RYFNetworkHttpRequestsManges.m */,
			);
			path = RYFNetworkHttpRequestsManges;
			sourceTree = "<group>";
		};
		A30E240E1B9419F300B940E7 /* View */ = {
			isa = PBXGroup;
			children = (
				A39906C91B943F58004C8642 /* EaseStartView.h */,
				A39906CA1B943F58004C8642 /* EaseStartView.m */,
			);
			path = View;
			sourceTree = "<group>";
		};
		A30E24151B94202D00B940E7 /* Util */ = {
			isa = PBXGroup;
			children = (
				A30E24161B94208D00B940E7 /* Category */,
			);
			path = Util;
			sourceTree = "<group>";
		};
		A30E24161B94208D00B940E7 /* Category */ = {
			isa = PBXGroup;
			children = (
				A30E24201B94358600B940E7 /* UIView+RYF.h */,
				A30E24211B94358600B940E7 /* UIView+RYF.m */,
				A30E241D1B94357E00B940E7 /* NSString+RYF.h */,
				A30E241E1B94357E00B940E7 /* NSString+RYF.m */,
				A30E24171B9420B400B940E7 /* NSURL+Comment.h */,
				A30E24181B9420B400B940E7 /* NSURL+Comment.m */,
				A30E241A1B942FD700B940E7 /* NSObject+Comment.h */,
				A30E241B1B942FD700B940E7 /* NSObject+Comment.m */,
			);
			path = Category;
			sourceTree = "<group>";
		};
		A3872CF21B93364F0092D537 = {
			isa = PBXGroup;
			children = (
				A3872CFD1B93364F0092D537 /* 折800 */,
				A3872D171B9336500092D537 /* 折800Tests */,
				A3872CFC1B93364F0092D537 /* Products */,
				35D59448C0B5415998371F84 /* Pods */,
				16F070EA8116A0B29C237CE8 /* Frameworks */,
			);
			sourceTree = "<group>";
		};
		A3872CFC1B93364F0092D537 /* Products */ = {
			isa = PBXGroup;
			children = (
				A3872CFB1B93364F0092D537 /* 折800.app */,
				A3872D141B9336500092D537 /* 折800Tests.xctest */,
			);
			name = Products;
			sourceTree = "<group>";
		};
		A3872CFD1B93364F0092D537 /* 折800 */ = {
			isa = PBXGroup;
			children = (
				A30E23EF1B9403E100B940E7 /* General */,
				A30E23F01B9403E100B940E7 /* Helpers */,
				A30E23F11B9403E100B940E7 /* Model */,
				A30E23F21B9403E100B940E7 /* Resources */,
				A39906D61B944BC3004C8642 /* Section */,
				A30E24151B94202D00B940E7 /* Util */,
				A30E23FA1B9403E100B940E7 /* Vendors */,
				A3872D021B93364F0092D537 /* AppDelegate.h */,
				A3872D031B93364F0092D537 /* AppDelegate.m */,
				A3872D051B93364F0092D537 /* ViewController.h */,
				A3872D061B93364F0092D537 /* ViewController.m */,
				A3872D081B93364F0092D537 /* Main.storyboard */,
				A3054CC71B933D1300BDA52F /* Images.xcassets */,
				A3872CFE1B93364F0092D537 /* Supporting Files */,
			);
			path = "折800";
			sourceTree = "<group>";
		};
		A3872CFE1B93364F0092D537 /* Supporting Files */ = {
			isa = PBXGroup;
			children = (
				A3872CFF1B93364F0092D537 /* Info.plist */,
				A3872D001B93364F0092D537 /* main.m */,
				A3054CC91B9346EE00BDA52F /* PrefixHeader.pch */,
			);
			name = "Supporting Files";
			sourceTree = "<group>";
		};
		A3872D171B9336500092D537 /* 折800Tests */ = {
			isa = PBXGroup;
			children = (
				A3872D1A1B9336500092D537 /* _800Tests.m */,
				A3872D181B9336500092D537 /* Supporting Files */,
			);
			path = "折800Tests";
			sourceTree = "<group>";
		};
		A3872D181B9336500092D537 /* Supporting Files */ = {
			isa = PBXGroup;
			children = (
				A3872D191B9336500092D537 /* Info.plist */,
			);
			name = "Supporting Files";
			sourceTree = "<group>";
		};
		A39906D61B944BC3004C8642 /* Section */ = {
			isa = PBXGroup;
			children = (
				A39906F01B944E86004C8642 /* PersonalCenterPage */,
				A39906EC1B944E50004C8642 /* IntegralmallPage */,
				A39906E81B944E21004C8642 /* BrandgroupPage */,
				A39906E41B944DC6004C8642 /* classPage */,
				A39906E01B944D22004C8642 /* rootPage */,
				A39906D71B944BC3004C8642 /* main */,
			);
			path = Section;
			sourceTree = "<group>";
		};
		A39906D71B944BC3004C8642 /* main */ = {
			isa = PBXGroup;
			children = (
				A39906D81B944BC3004C8642 /* BaseNavgationController.h */,
				A39906D91B944BC3004C8642 /* BaseNavgationController.m */,
				A39906DA1B944BC3004C8642 /* RootTabViewController.h */,
				A39906DB1B944BC3004C8642 /* RootTabViewController.m */,
			);
			path = main;
			sourceTree = "<group>";
		};
		A39906E01B944D22004C8642 /* rootPage */ = {
			isa = PBXGroup;
			children = (
				A39906E11B944D3C004C8642 /* RootViewController.h */,
				A39906E21B944D3C004C8642 /* RootViewController.m */,
			);
			path = rootPage;
			sourceTree = "<group>";
		};
		A39906E41B944DC6004C8642 /* classPage */ = {
			isa = PBXGroup;
			children = (
				A39906E51B944DE8004C8642 /* ClassViewController.h */,
				A39906E61B944DE8004C8642 /* ClassViewController.m */,
			);
			path = classPage;
			sourceTree = "<group>";
		};
		A39906E81B944E21004C8642 /* BrandgroupPage */ = {
			isa = PBXGroup;
			children = (
				A39906E91B944E2D004C8642 /* BrandGroupViewController.h */,
				A39906EA1B944E2D004C8642 /* BrandGroupViewController.m */,
			);
			path = BrandgroupPage;
			sourceTree = "<group>";
		};
		A39906EC1B944E50004C8642 /* IntegralmallPage */ = {
			isa = PBXGroup;
			children = (
				A39906ED1B944E5D004C8642 /* IntegralMallViewController.h */,
				A39906EE1B944E5D004C8642 /* IntegralMallViewController.m */,
			);
			path = IntegralmallPage;
			sourceTree = "<group>";
		};
		A39906F01B944E86004C8642 /* PersonalCenterPage */ = {
			isa = PBXGroup;
			children = (
				A39906F11B944E91004C8642 /* PersonalCenterViewController.h */,
				A39906F21B944E91004C8642 /* PersonalCenterViewController.m */,
			);
			path = PersonalCenterPage;
			sourceTree = "<group>";
		};
/* End PBXGroup section */

/* Begin PBXNativeTarget section */
		A3872CFA1B93364F0092D537 /* 折800 */ = {
			isa = PBXNativeTarget;
			buildConfigurationList = A3872D1E1B9336500092D537 /* Build configuration list for PBXNativeTarget "折800" */;
			buildPhases = (
				B0182CD4E7A5B2F295D993E0 /* Check Pods Manifest.lock */,
				A3872CF71B93364F0092D537 /* Sources */,
				A3872CF81B93364F0092D537 /* Frameworks */,
				A3872CF91B93364F0092D537 /* Resources */,
				EE2723E0CF7AF271A779BE4E /* Copy Pods Resources */,
			);
			buildRules = (
			);
			dependencies = (
			);
			name = "折800";
			productName = "折800";
			productReference = A3872CFB1B93364F0092D537 /* 折800.app */;
			productType = "com.apple.product-type.application";
		};
		A3872D131B9336500092D537 /* 折800Tests */ = {
			isa = PBXNativeTarget;
			buildConfigurationList = A3872D211B9336500092D537 /* Build configuration list for PBXNativeTarget "折800Tests" */;
			buildPhases = (
				A3872D101B9336500092D537 /* Sources */,
				A3872D111B9336500092D537 /* Frameworks */,
				A3872D121B9336500092D537 /* Resources */,
			);
			buildRules = (
			);
			dependencies = (
				A3872D161B9336500092D537 /* PBXTargetDependency */,
			);
			name = "折800Tests";
			productName = "折800Tests";
			productReference = A3872D141B9336500092D537 /* 折800Tests.xctest */;
			productType = "com.apple.product-type.bundle.unit-test";
		};
/* End PBXNativeTarget section */

/* Begin PBXProject section */
		A3872CF31B93364F0092D537 /* Project object */ = {
			isa = PBXProject;
			attributes = {
				LastUpgradeCheck = 0640;
				ORGANIZATIONNAME = "任玉飞";
				TargetAttributes = {
					A3872CFA1B93364F0092D537 = {
						CreatedOnToolsVersion = 6.4;
					};
					A3872D131B9336500092D537 = {
						CreatedOnToolsVersion = 6.4;
						TestTargetID = A3872CFA1B93364F0092D537;
					};
				};
			};
			buildConfigurationList = A3872CF61B93364F0092D537 /* Build configuration list for PBXProject "折800" */;
			compatibilityVersion = "Xcode 3.2";
			developmentRegion = English;
			hasScannedForEncodings = 0;
			knownRegions = (
				en,
				Base,
			);
			mainGroup = A3872CF21B93364F0092D537;
			productRefGroup = A3872CFC1B93364F0092D537 /* Products */;
			projectDirPath = "";
			projectRoot = "";
			targets = (
				A3872CFA1B93364F0092D537 /* 折800 */,
				A3872D131B9336500092D537 /* 折800Tests */,
			);
		};
/* End PBXProject section */

/* Begin PBXResourcesBuildPhase section */
		A3872CF91B93364F0092D537 /* Resources */ = {
			isa = PBXResourcesBuildPhase;
			buildActionMask = 2147483647;
			files = (
				A30E23FC1B9403E100B940E7 /* 3_pan.mp3 in Resources */,
				A30E23FD1B9403E100B940E7 /* 4_pan.mp3 in Resources */,
				A30E23FB1B9403E100B940E7 /* 2_pan.mp3 in Resources */,
				A30E23FE1B9403E100B940E7 /* click.wav in Resources */,
				A30E23FF1B9403E100B940E7 /* font_1.ttf in Resources */,
				A3054CC81B933D1300BDA52F /* Images.xcassets in Resources */,
				A3872D0A1B93364F0092D537 /* Main.storyboard in Resources */,
			);
			runOnlyForDeploymentPostprocessing = 0;
		};
		A3872D121B9336500092D537 /* Resources */ = {
			isa = PBXResourcesBuildPhase;
			buildActionMask = 2147483647;
			files = (
			);
			runOnlyForDeploymentPostprocessing = 0;
		};
/* End PBXResourcesBuildPhase section */

/* Begin PBXShellScriptBuildPhase section */
		B0182CD4E7A5B2F295D993E0 /* Check Pods Manifest.lock */ = {
			isa = PBXShellScriptBuildPhase;
			buildActionMask = 2147483647;
			files = (
			);
			inputPaths = (
			);
			name = "Check Pods Manifest.lock";
			outputPaths = (
			);
			runOnlyForDeploymentPostprocessing = 0;
			shellPath = /bin/sh;
			shellScript = "diff \"${PODS_ROOT}/../Podfile.lock\" \"${PODS_ROOT}/Manifest.lock\" > /dev/null\nif [[ $? != 0 ]] ; then\n    cat << EOM\nerror: The sandbox is not in sync with the Podfile.lock. Run 'pod install' or update your CocoaPods installation.\nEOM\n    exit 1\nfi\n";
			showEnvVarsInLog = 0;
		};
		EE2723E0CF7AF271A779BE4E /* Copy Pods Resources */ = {
			isa = PBXShellScriptBuildPhase;
			buildActionMask = 2147483647;
			files = (
			);
			inputPaths = (
			);
			name = "Copy Pods Resources";
			outputPaths = (
			);
			runOnlyForDeploymentPostprocessing = 0;
			shellPath = /bin/sh;
			shellScript = "\"${SRCROOT}/Pods/Target Support Files/Pods/Pods-resources.sh\"\n";
			showEnvVarsInLog = 0;
		};
/* End PBXShellScriptBuildPhase section */

/* Begin PBXSourcesBuildPhase section */
		A3872CF71B93364F0092D537 /* Sources */ = {
			isa = PBXSourcesBuildPhase;
			buildActionMask = 2147483647;
			files = (
				A39906EF1B944E5D004C8642 /* IntegralMallViewController.m in Sources */,
				A30E240D1B94054C00B940E7 /* RYFNetworkHttpRequestsManges.m in Sources */,
				A39906CB1B943F58004C8642 /* EaseStartView.m in Sources */,
				A39906F31B944E91004C8642 /* PersonalCenterViewController.m in Sources */,
				A3872D071B93364F0092D537 /* ViewController.m in Sources */,
				A30E241C1B942FD700B940E7 /* NSObject+Comment.m in Sources */,
				A30E24221B94358600B940E7 /* UIView+RYF.m in Sources */,
				A30E240C1B94054C00B940E7 /* LoadingView.m in Sources */,
				A30E24191B9420B400B940E7 /* NSURL+Comment.m in Sources */,
				A39906DD1B944BC3004C8642 /* RootTabViewController.m in Sources */,
				A39906EB1B944E2D004C8642 /* BrandGroupViewController.m in Sources */,
				A39906E31B944D3C004C8642 /* RootViewController.m in Sources */,
				A30E24141B941C3900B940E7 /* StartImageManger.m in Sources */,
				A30E241F1B94357E00B940E7 /* NSString+RYF.m in Sources */,
				A39906E71B944DE8004C8642 /* ClassViewController.m in Sources */,
				A3872D041B93364F0092D537 /* AppDelegate.m in Sources */,
				A39906DC1B944BC3004C8642 /* BaseNavgationController.m in Sources */,
				A3872D011B93364F0092D537 /* main.m in Sources */,
			);
			runOnlyForDeploymentPostprocessing = 0;
		};
		A3872D101B9336500092D537 /* Sources */ = {
			isa = PBXSourcesBuildPhase;
			buildActionMask = 2147483647;
			files = (
				A3872D1B1B9336500092D537 /* _800Tests.m in Sources */,
			);
			runOnlyForDeploymentPostprocessing = 0;
		};
/* End PBXSourcesBuildPhase section */

/* Begin PBXTargetDependency section */
		A3872D161B9336500092D537 /* PBXTargetDependency */ = {
			isa = PBXTargetDependency;
			target = A3872CFA1B93364F0092D537 /* 折800 */;
			targetProxy = A3872D151B9336500092D537 /* PBXContainerItemProxy */;
		};
/* End PBXTargetDependency section */

/* Begin PBXVariantGroup section */
		A3872D081B93364F0092D537 /* Main.storyboard */ = {
			isa = PBXVariantGroup;
			children = (
				A3872D091B93364F0092D537 /* Base */,
			);
			name = Main.storyboard;
			sourceTree = "<group>";
		};
/* End PBXVariantGroup section */

/* Begin XCBuildConfiguration section */
		A3872D1C1B9336500092D537 /* Debug */ = {
			isa = XCBuildConfiguration;
			buildSettings = {
				ALWAYS_SEARCH_USER_PATHS = NO;
				CLANG_CXX_LANGUAGE_STANDARD = "gnu++0x";
				CLANG_CXX_LIBRARY = "libc++";
				CLANG_ENABLE_MODULES = YES;
				CLANG_ENABLE_OBJC_ARC = YES;
				CLANG_WARN_BOOL_CONVERSION = YES;
				CLANG_WARN_CONSTANT_CONVERSION = YES;
				CLANG_WARN_DIRECT_OBJC_ISA_USAGE = YES_ERROR;
				CLANG_WARN_EMPTY_BODY = YES;
				CLANG_WARN_ENUM_CONVERSION = YES;
				CLANG_WARN_INT_CONVERSION = YES;
				CLANG_WARN_OBJC_ROOT_CLASS = YES_ERROR;
				CLANG_WARN_UNREACHABLE_CODE = YES;
				CLANG_WARN__DUPLICATE_METHOD_MATCH = YES;
				"CODE_SIGN_IDENTITY[sdk=iphoneos*]" = "iPhone Developer";
				COPY_PHASE_STRIP = NO;
				DEBUG_INFORMATION_FORMAT = "dwarf-with-dsym";
				ENABLE_STRICT_OBJC_MSGSEND = YES;
				GCC_C_LANGUAGE_STANDARD = gnu99;
				GCC_DYNAMIC_NO_PIC = NO;
				GCC_NO_COMMON_BLOCKS = YES;
				GCC_OPTIMIZATION_LEVEL = 0;
				GCC_PREPROCESSOR_DEFINITIONS = (
					"DEBUG=1",
					"$(inherited)",
				);
				GCC_SYMBOLS_PRIVATE_EXTERN = NO;
				GCC_WARN_64_TO_32_BIT_CONVERSION = YES;
				GCC_WARN_ABOUT_RETURN_TYPE = YES_ERROR;
				GCC_WARN_UNDECLARED_SELECTOR = YES;
				GCC_WARN_UNINITIALIZED_AUTOS = YES_AGGRESSIVE;
				GCC_WARN_UNUSED_FUNCTION = YES;
				GCC_WARN_UNUSED_VARIABLE = YES;
				IPHONEOS_DEPLOYMENT_TARGET = 8.4;
				MTL_ENABLE_DEBUG_INFO = YES;
				ONLY_ACTIVE_ARCH = YES;
				SDKROOT = iphoneos;
			};
			name = Debug;
		};
		A3872D1D1B9336500092D537 /* Release */ = {
			isa = XCBuildConfiguration;
			buildSettings = {
				ALWAYS_SEARCH_USER_PATHS = NO;
				CLANG_CXX_LANGUAGE_STANDARD = "gnu++0x";
				CLANG_CXX_LIBRARY = "libc++";
				CLANG_ENABLE_MODULES = YES;
				CLANG_ENABLE_OBJC_ARC = YES;
				CLANG_WARN_BOOL_CONVERSION = YES;
				CLANG_WARN_CONSTANT_CONVERSION = YES;
				CLANG_WARN_DIRECT_OBJC_ISA_USAGE = YES_ERROR;
				CLANG_WARN_EMPTY_BODY = YES;
				CLANG_WARN_ENUM_CONVERSION = YES;
				CLANG_WARN_INT_CONVERSION = YES;
				CLANG_WARN_OBJC_ROOT_CLASS = YES_ERROR;
				CLANG_WARN_UNREACHABLE_CODE = YES;
				CLANG_WARN__DUPLICATE_METHOD_MATCH = YES;
				"CODE_SIGN_IDENTITY[sdk=iphoneos*]" = "iPhone Developer";
				COPY_PHASE_STRIP = NO;
				DEBUG_INFORMATION_FORMAT = "dwarf-with-dsym";
				ENABLE_NS_ASSERTIONS = NO;
				ENABLE_STRICT_OBJC_MSGSEND = YES;
				GCC_C_LANGUAGE_STANDARD = gnu99;
				GCC_NO_COMMON_BLOCKS = YES;
				GCC_WARN_64_TO_32_BIT_CONVERSION = YES;
				GCC_WARN_ABOUT_RETURN_TYPE = YES_ERROR;
				GCC_WARN_UNDECLARED_SELECTOR = YES;
				GCC_WARN_UNINITIALIZED_AUTOS = YES_AGGRESSIVE;
				GCC_WARN_UNUSED_FUNCTION = YES;
				GCC_WARN_UNUSED_VARIABLE = YES;
				IPHONEOS_DEPLOYMENT_TARGET = 8.4;
				MTL_ENABLE_DEBUG_INFO = NO;
				SDKROOT = iphoneos;
				VALIDATE_PRODUCT = YES;
			};
			name = Release;
		};
		A3872D1F1B9336500092D537 /* Debug */ = {
			isa = XCBuildConfiguration;
			baseConfigurationReference = EC13AA19DAB7F1864E61AAD2 /* Pods.debug.xcconfig */;
			buildSettings = {
				ASSETCATALOG_COMPILER_APPICON_NAME = AppIcon;
				ASSETCATALOG_COMPILER_LAUNCHIMAGE_NAME = LaunchImage;
				GCC_INCREASE_PRECOMPILED_HEADER_SHARING = NO;
				GCC_PRECOMPILE_PREFIX_HEADER = NO;
				GCC_PREFIX_HEADER = "$(SRCROOT)/折800/PrefixHeader.pch";
				INFOPLIST_FILE = "折800/Info.plist";
				IPHONEOS_DEPLOYMENT_TARGET = 7.0;
				LD_RUNPATH_SEARCH_PATHS = "$(inherited) @executable_path/Frameworks";
				PRODUCT_NAME = "$(TARGET_NAME)";
			};
			name = Debug;
		};
		A3872D201B9336500092D537 /* Release */ = {
			isa = XCBuildConfiguration;
			baseConfigurationReference = FA9CC1AFB1449951ED4DC9FA /* Pods.release.xcconfig */;
			buildSettings = {
				ASSETCATALOG_COMPILER_APPICON_NAME = AppIcon;
				ASSETCATALOG_COMPILER_LAUNCHIMAGE_NAME = LaunchImage;
				GCC_INCREASE_PRECOMPILED_HEADER_SHARING = NO;
				GCC_PRECOMPILE_PREFIX_HEADER = NO;
				GCC_PREFIX_HEADER = "$(SRCROOT)/折800/PrefixHeader.pch";
				INFOPLIST_FILE = "折800/Info.plist";
				IPHONEOS_DEPLOYMENT_TARGET = 7.0;
				LD_RUNPATH_SEARCH_PATHS = "$(inherited) @executable_path/Frameworks";
				PRODUCT_NAME = "$(TARGET_NAME)";
			};
			name = Release;
		};
		A3872D221B9336500092D537 /* Debug */ = {
			isa = XCBuildConfiguration;
			buildSettings = {
				BUNDLE_LOADER = "$(TEST_HOST)";
				FRAMEWORK_SEARCH_PATHS = (
					"$(SDKROOT)/Developer/Library/Frameworks",
					"$(inherited)",
				);
				GCC_PREPROCESSOR_DEFINITIONS = (
					"DEBUG=1",
					"$(inherited)",
				);
				INFOPLIST_FILE = "折800Tests/Info.plist";
				LD_RUNPATH_SEARCH_PATHS = "$(inherited) @executable_path/Frameworks @loader_path/Frameworks";
				PRODUCT_NAME = "$(TARGET_NAME)";
				TEST_HOST = "$(BUILT_PRODUCTS_DIR)/折800.app/折800";
			};
			name = Debug;
		};
		A3872D231B9336500092D537 /* Release */ = {
			isa = XCBuildConfiguration;
			buildSettings = {
				BUNDLE_LOADER = "$(TEST_HOST)";
				FRAMEWORK_SEARCH_PATHS = (
					"$(SDKROOT)/Developer/Library/Frameworks",
					"$(inherited)",
				);
				INFOPLIST_FILE = "折800Tests/Info.plist";
				LD_RUNPATH_SEARCH_PATHS = "$(inherited) @executable_path/Frameworks @loader_path/Frameworks";
				PRODUCT_NAME = "$(TARGET_NAME)";
				TEST_HOST = "$(BUILT_PRODUCTS_DIR)/折800.app/折800";
			};
			name = Release;
		};
/* End XCBuildConfiguration section */

/* Begin XCConfigurationList section */
		A3872CF61B93364F0092D537 /* Build configuration list for PBXProject "折800" */ = {
			isa = XCConfigurationList;
			buildConfigurations = (
				A3872D1C1B9336500092D537 /* Debug */,
				A3872D1D1B9336500092D537 /* Release */,
			);
			defaultConfigurationIsVisible = 0;
			defaultConfigurationName = Release;
		};
		A3872D1E1B9336500092D537 /* Build configuration list for PBXNativeTarget "折800" */ = {
			isa = XCConfigurationList;
			buildConfigurations = (
				A3872D1F1B9336500092D537 /* Debug */,
				A3872D201B9336500092D537 /* Release */,
			);
			defaultConfigurationIsVisible = 0;
			defaultConfigurationName = Release;
		};
		A3872D211B9336500092D537 /* Build configuration list for PBXNativeTarget "折800Tests" */ = {
			isa = XCConfigurationList;
			buildConfigurations = (
				A3872D221B9336500092D537 /* Debug */,
				A3872D231B9336500092D537 /* Release */,
			);
			defaultConfigurationIsVisible = 0;
			defaultConfigurationName = Release;
		};
/* End XCConfigurationList section */
	};
	rootObject = A3872CF31B93364F0092D537 /* Project object */;
}
